
Microsoft Visual Studio Solution File, Format Version 12.00
# Visual Studio Version 17
VisualStudioVersion = 17.0.31903.59
MinimumVisualStudioVersion = 10.0.40219.1
Project("{FAE04EC0-301F-11D3-BF4B-00C04F79EFBC}") = "Smoke", "Smoke\Smoke.csproj", "{92198CA2-E755-458B-BBF7-EE5A5FB2F91A}"
EndProject
Project("{FAE04EC0-301F-11D3-BF4B-00C04F79EFBC}") = "Engine", "Engine\Engine.csproj", "{44F3A913-C6DF-4BA1-9EDC-E2BA657C88AA}"
EndProject
Project("{FAE04EC0-301F-11D3-BF4B-00C04F79EFBC}") = "Runner", "Runner\Runner.csproj", "{920610D9-F010-416A-B7D7-2DDC8245C278}"
EndProject
Global
	GlobalSection(SolutionConfigurationPlatforms) = preSolution
		Debug|Any CPU = Debug|Any CPU
		Release|Any CPU = Release|Any CPU
	EndGlobalSection
	GlobalSection(SolutionProperties) = preSolution
		HideSolutionNode = FALSE
	EndGlobalSection
	GlobalSection(ProjectConfigurationPlatforms) = postSolution
		{92198CA2-E755-458B-BBF7-EE5A5FB2F91A}.Debug|Any CPU.ActiveCfg = Debug|Any CPU
		{92198CA2-E755-458B-BBF7-EE5A5FB2F91A}.Debug|Any CPU.Build.0 = Debug|Any CPU
		{92198CA2-E755-458B-BBF7-EE5A5FB2F91A}.Release|Any CPU.ActiveCfg = Release|Any CPU
		{92198CA2-E755-458B-BBF7-EE5A5FB2F91A}.Release|Any CPU.Build.0 = Release|Any CPU
		{44F3A913-C6DF-4BA1-9EDC-E2BA657C88AA}.Debug|Any CPU.ActiveCfg = Debug|Any CPU
		{44F3A913-C6DF-4BA1-9EDC-E2BA657C88AA}.Debug|Any CPU.Build.0 = Debug|Any CPU
		{44F3A913-C6DF-4BA1-9EDC-E2BA657C88AA}.Release|Any CPU.ActiveCfg = Release|Any CPU
		{44F3A913-C6DF-4BA1-9EDC-E2BA657C88AA}.Release|Any CPU.Build.0 = Release|Any CPU
		{920610D9-F010-416A-B7D7-2DDC8245C278}.Debug|Any CPU.ActiveCfg = Debug|Any CPU
		{920610D9-F010-416A-B7D7-2DDC8245C278}.Debug|Any CPU.Build.0 = Debug|Any CPU
		{920610D9-F010-416A-B7D7-2DDC8245C278}.Release|Any CPU.ActiveCfg = Release|Any CPU
		{920610D9-F010-416A-B7D7-2DDC8245C278}.Release|Any CPU.Build.0 = Release|Any CPU
	EndGlobalSection
EndGlobal
